// !$*UTF8*$!
{
	archiveVersion = 1;
	classes = {
	};
	objectVersion = 46;
	objects = {

/* Begin PBXBuildFile section */
		010539B21F9BE8C700E2D413 /* MainManager.swift in Sources */ = {isa = PBXBuildFile; fileRef = 010539B11F9BE8C700E2D413 /* MainManager.swift */; };
		010539B71F9C838100E2D413 /* Dictionary+Extension.swift in Sources */ = {isa = PBXBuildFile; fileRef = 010539B61F9C838100E2D413 /* Dictionary+Extension.swift */; };
		010539B91F9C83F300E2D413 /* Array+Extension.swift in Sources */ = {isa = PBXBuildFile; fileRef = 010539B81F9C83F300E2D413 /* Array+Extension.swift */; };
		011C4B731F9AB1FD0070EDF3 /* UserProfileViewController.swift in Sources */ = {isa = PBXBuildFile; fileRef = 011C4B721F9AB1FD0070EDF3 /* UserProfileViewController.swift */; };
		01B2AA251F971F6F00138959 /* EmailLoginViewController.swift in Sources */ = {isa = PBXBuildFile; fileRef = 01B2AA241F971F6F00138959 /* EmailLoginViewController.swift */; };
		01B2AA271F980B7C00138959 /* LoginManager.swift in Sources */ = {isa = PBXBuildFile; fileRef = 01B2AA261F980B7C00138959 /* LoginManager.swift */; };
		06A931711F95C60B00DFD1AA /* LoginViewController.swift in Sources */ = {isa = PBXBuildFile; fileRef = 06A9316F1F95C60B00DFD1AA /* LoginViewController.swift */; };
		06A931721F95C60B00DFD1AA /* WelcomeViewController.swift in Sources */ = {isa = PBXBuildFile; fileRef = 06A931701F95C60B00DFD1AA /* WelcomeViewController.swift */; };
		06A931741F95C64100DFD1AA /* Login.storyboard in Resources */ = {isa = PBXBuildFile; fileRef = 06A931731F95C64100DFD1AA /* Login.storyboard */; };
		06C2EA221F91D589003D0ADF /* AppDelegate.swift in Sources */ = {isa = PBXBuildFile; fileRef = 06C2EA211F91D589003D0ADF /* AppDelegate.swift */; };
		06C2EA271F91D589003D0ADF /* Main.storyboard in Resources */ = {isa = PBXBuildFile; fileRef = 06C2EA251F91D589003D0ADF /* Main.storyboard */; };
		06C2EA291F91D589003D0ADF /* Assets.xcassets in Resources */ = {isa = PBXBuildFile; fileRef = 06C2EA281F91D589003D0ADF /* Assets.xcassets */; };
		06C2EA2C1F91D589003D0ADF /* LaunchScreen.storyboard in Resources */ = {isa = PBXBuildFile; fileRef = 06C2EA2A1F91D589003D0ADF /* LaunchScreen.storyboard */; };
		06C2EA471F91D81A003D0ADF /* InviteFriendsViewController.swift in Sources */ = {isa = PBXBuildFile; fileRef = 06C2EA461F91D81A003D0ADF /* InviteFriendsViewController.swift */; };
		06C2EA4B1F91D861003D0ADF /* NotificationsViewController.swift in Sources */ = {isa = PBXBuildFile; fileRef = 06C2EA4A1F91D861003D0ADF /* NotificationsViewController.swift */; };
		06C2EA4D1F91D881003D0ADF /* User.swift in Sources */ = {isa = PBXBuildFile; fileRef = 06C2EA4C1F91D881003D0ADF /* User.swift */; };
		06C2EA4F1F91D8DF003D0ADF /* Moment.swift in Sources */ = {isa = PBXBuildFile; fileRef = 06C2EA4E1F91D8DF003D0ADF /* Moment.swift */; };
		06C2EA511F91D8EF003D0ADF /* Act.swift in Sources */ = {isa = PBXBuildFile; fileRef = 06C2EA501F91D8EF003D0ADF /* Act.swift */; };
		06C2EA531F91D921003D0ADF /* UserProfileView.swift in Sources */ = {isa = PBXBuildFile; fileRef = 06C2EA521F91D921003D0ADF /* UserProfileView.swift */; };
		06C2EA551F91D936003D0ADF /* ActionView.swift in Sources */ = {isa = PBXBuildFile; fileRef = 06C2EA541F91D936003D0ADF /* ActionView.swift */; };
		06C2EA571F91D944003D0ADF /* MomentView.swift in Sources */ = {isa = PBXBuildFile; fileRef = 06C2EA561F91D944003D0ADF /* MomentView.swift */; };
		06C2EA591F946335003D0ADF /* GoogleService-Info.plist in Resources */ = {isa = PBXBuildFile; fileRef = 06C2EA581F946335003D0ADF /* GoogleService-Info.plist */; };
		53BFE0BD07A643099FBD10B5 /* Pods_Everest.framework in Frameworks */ = {isa = PBXBuildFile; fileRef = 28F2AFBEA79BCE95B21EA7B7 /* Pods_Everest.framework */; };
		CE0908DA1F982664004D1974 /* CategoryCollectionCell.swift in Sources */ = {isa = PBXBuildFile; fileRef = CE0908D91F982664004D1974 /* CategoryCollectionCell.swift */; };
		CE0908E01F986F74004D1974 /* ActsCell.swift in Sources */ = {isa = PBXBuildFile; fileRef = CE0908DF1F986F73004D1974 /* ActsCell.swift */; };
		CE1335261F9C21DB000D54C4 /* Category.swift in Sources */ = {isa = PBXBuildFile; fileRef = CE1335251F9C21DB000D54C4 /* Category.swift */; };
		CE1335291F9C37AD000D54C4 /* UIImage+Resize.swift in Sources */ = {isa = PBXBuildFile; fileRef = CE1335281F9C37AD000D54C4 /* UIImage+Resize.swift */; };
		CE2F56081F92DE54004D2CF9 /* Action.swift in Sources */ = {isa = PBXBuildFile; fileRef = CE2F56071F92DE54004D2CF9 /* Action.swift */; };
		D724D0761F947FF900D25A5A /* AddAction.storyboard in Resources */ = {isa = PBXBuildFile; fileRef = D724D0631F947FF900D25A5A /* AddAction.storyboard */; };
		D724D0771F947FF900D25A5A /* AddActionViewController.swift in Sources */ = {isa = PBXBuildFile; fileRef = D724D0641F947FF900D25A5A /* AddActionViewController.swift */; };
		D724D0781F947FF900D25A5A /* MomentDetailManager.swift in Sources */ = {isa = PBXBuildFile; fileRef = D724D0661F947FF900D25A5A /* MomentDetailManager.swift */; };
		D724D0791F947FF900D25A5A /* MomentsViewController.swift in Sources */ = {isa = PBXBuildFile; fileRef = D724D0671F947FF900D25A5A /* MomentsViewController.swift */; };
		D724D07C1F947FF900D25A5A /* Settings.storyboard in Resources */ = {isa = PBXBuildFile; fileRef = D724D06C1F947FF900D25A5A /* Settings.storyboard */; };
		D724D07D1F947FF900D25A5A /* SettingsViewController.swift in Sources */ = {isa = PBXBuildFile; fileRef = D724D06D1F947FF900D25A5A /* SettingsViewController.swift */; };
		D724D07E1F947FF900D25A5A /* TimeLineManager.swift in Sources */ = {isa = PBXBuildFile; fileRef = D724D06F1F947FF900D25A5A /* TimeLineManager.swift */; };
		D724D07F1F947FF900D25A5A /* TimelineViewController.swift in Sources */ = {isa = PBXBuildFile; fileRef = D724D0701F947FF900D25A5A /* TimelineViewController.swift */; };
		D724D0801F947FF900D25A5A /* UserProfile.storyboard in Resources */ = {isa = PBXBuildFile; fileRef = D724D0721F947FF900D25A5A /* UserProfile.storyboard */; };
		D724D0811F947FF900D25A5A /* UserProfileManager.swift in Sources */ = {isa = PBXBuildFile; fileRef = D724D0731F947FF900D25A5A /* UserProfileManager.swift */; };
		D724D0861F94804500D25A5A /* FireBaseManager.swift in Sources */ = {isa = PBXBuildFile; fileRef = D724D0841F94804500D25A5A /* FireBaseManager.swift */; };
		D724D0871F94804500D25A5A /* ServiceManager.swift in Sources */ = {isa = PBXBuildFile; fileRef = D724D0851F94804500D25A5A /* ServiceManager.swift */; };
		D724D08C1F94806B00D25A5A /* ActionCell.swift in Sources */ = {isa = PBXBuildFile; fileRef = D724D0881F94806B00D25A5A /* ActionCell.swift */; };
		D724D08D1F94806B00D25A5A /* ActionCell.xib in Resources */ = {isa = PBXBuildFile; fileRef = D724D0891F94806B00D25A5A /* ActionCell.xib */; };
		D724D08E1F94806B00D25A5A /* MomentCell.swift in Sources */ = {isa = PBXBuildFile; fileRef = D724D08A1F94806B00D25A5A /* MomentCell.swift */; };
		D724D08F1F94806B00D25A5A /* MomentCell.xib in Resources */ = {isa = PBXBuildFile; fileRef = D724D08B1F94806B00D25A5A /* MomentCell.xib */; };
		D797E6731F9AED7A0097B4CA /* CreateMomentViewController.swift in Sources */ = {isa = PBXBuildFile; fileRef = D797E6721F9AED7A0097B4CA /* CreateMomentViewController.swift */; };
		D7B9C3D71F99D7E500E84B60 /* MomentDetailCell.swift in Sources */ = {isa = PBXBuildFile; fileRef = D7B9C3D61F99D7E500E84B60 /* MomentDetailCell.swift */; };
/* End PBXBuildFile section */

/* Begin PBXFileReference section */
		010539B11F9BE8C700E2D413 /* MainManager.swift */ = {isa = PBXFileReference; fileEncoding = 4; lastKnownFileType = sourcecode.swift; path = MainManager.swift; sourceTree = "<group>"; };
		010539B61F9C838100E2D413 /* Dictionary+Extension.swift */ = {isa = PBXFileReference; fileEncoding = 4; lastKnownFileType = sourcecode.swift; path = "Dictionary+Extension.swift"; sourceTree = "<group>"; };
		010539B81F9C83F300E2D413 /* Array+Extension.swift */ = {isa = PBXFileReference; fileEncoding = 4; lastKnownFileType = sourcecode.swift; path = "Array+Extension.swift"; sourceTree = "<group>"; };
		011C4B721F9AB1FD0070EDF3 /* UserProfileViewController.swift */ = {isa = PBXFileReference; fileEncoding = 4; lastKnownFileType = sourcecode.swift; path = UserProfileViewController.swift; sourceTree = "<group>"; };
		01B2AA241F971F6F00138959 /* EmailLoginViewController.swift */ = {isa = PBXFileReference; fileEncoding = 4; lastKnownFileType = sourcecode.swift; path = EmailLoginViewController.swift; sourceTree = "<group>"; };
		01B2AA261F980B7C00138959 /* LoginManager.swift */ = {isa = PBXFileReference; fileEncoding = 4; lastKnownFileType = sourcecode.swift; path = LoginManager.swift; sourceTree = "<group>"; };
		06A9316F1F95C60B00DFD1AA /* LoginViewController.swift */ = {isa = PBXFileReference; fileEncoding = 4; lastKnownFileType = sourcecode.swift; path = LoginViewController.swift; sourceTree = "<group>"; };
		06A931701F95C60B00DFD1AA /* WelcomeViewController.swift */ = {isa = PBXFileReference; fileEncoding = 4; lastKnownFileType = sourcecode.swift; path = WelcomeViewController.swift; sourceTree = "<group>"; };
		06A931731F95C64100DFD1AA /* Login.storyboard */ = {isa = PBXFileReference; fileEncoding = 4; lastKnownFileType = file.storyboard; path = Login.storyboard; sourceTree = "<group>"; };
		06C2EA1E1F91D589003D0ADF /* Everest.app */ = {isa = PBXFileReference; explicitFileType = wrapper.application; includeInIndex = 0; path = Everest.app; sourceTree = BUILT_PRODUCTS_DIR; };
		06C2EA211F91D589003D0ADF /* AppDelegate.swift */ = {isa = PBXFileReference; lastKnownFileType = sourcecode.swift; path = AppDelegate.swift; sourceTree = "<group>"; };
		06C2EA261F91D589003D0ADF /* Base */ = {isa = PBXFileReference; lastKnownFileType = file.storyboard; name = Base; path = Base.lproj/Main.storyboard; sourceTree = "<group>"; };
		06C2EA281F91D589003D0ADF /* Assets.xcassets */ = {isa = PBXFileReference; lastKnownFileType = folder.assetcatalog; path = Assets.xcassets; sourceTree = "<group>"; };
		06C2EA2B1F91D589003D0ADF /* Base */ = {isa = PBXFileReference; lastKnownFileType = file.storyboard; name = Base; path = Base.lproj/LaunchScreen.storyboard; sourceTree = "<group>"; };
		06C2EA2D1F91D589003D0ADF /* Info.plist */ = {isa = PBXFileReference; lastKnownFileType = text.plist.xml; path = Info.plist; sourceTree = "<group>"; };
		06C2EA461F91D81A003D0ADF /* InviteFriendsViewController.swift */ = {isa = PBXFileReference; fileEncoding = 4; lastKnownFileType = sourcecode.swift; path = InviteFriendsViewController.swift; sourceTree = "<group>"; };
		06C2EA4A1F91D861003D0ADF /* NotificationsViewController.swift */ = {isa = PBXFileReference; fileEncoding = 4; lastKnownFileType = sourcecode.swift; path = NotificationsViewController.swift; sourceTree = "<group>"; };
		06C2EA4C1F91D881003D0ADF /* User.swift */ = {isa = PBXFileReference; fileEncoding = 4; lastKnownFileType = sourcecode.swift; path = User.swift; sourceTree = "<group>"; };
		06C2EA4E1F91D8DF003D0ADF /* Moment.swift */ = {isa = PBXFileReference; fileEncoding = 4; lastKnownFileType = sourcecode.swift; path = Moment.swift; sourceTree = "<group>"; };
		06C2EA501F91D8EF003D0ADF /* Act.swift */ = {isa = PBXFileReference; fileEncoding = 4; lastKnownFileType = sourcecode.swift; path = Act.swift; sourceTree = "<group>"; };
		06C2EA521F91D921003D0ADF /* UserProfileView.swift */ = {isa = PBXFileReference; fileEncoding = 4; lastKnownFileType = sourcecode.swift; path = UserProfileView.swift; sourceTree = "<group>"; };
		06C2EA541F91D936003D0ADF /* ActionView.swift */ = {isa = PBXFileReference; fileEncoding = 4; lastKnownFileType = sourcecode.swift; path = ActionView.swift; sourceTree = "<group>"; };
		06C2EA561F91D944003D0ADF /* MomentView.swift */ = {isa = PBXFileReference; fileEncoding = 4; lastKnownFileType = sourcecode.swift; path = MomentView.swift; sourceTree = "<group>"; };
		06C2EA581F946335003D0ADF /* GoogleService-Info.plist */ = {isa = PBXFileReference; fileEncoding = 4; lastKnownFileType = text.plist.xml; path = "GoogleService-Info.plist"; sourceTree = "<group>"; };
		1A7D127026D048F03DEE5A44 /* Pods-Everest.debug.xcconfig */ = {isa = PBXFileReference; includeInIndex = 1; lastKnownFileType = text.xcconfig; name = "Pods-Everest.debug.xcconfig"; path = "Pods/Target Support Files/Pods-Everest/Pods-Everest.debug.xcconfig"; sourceTree = "<group>"; };
		28F2AFBEA79BCE95B21EA7B7 /* Pods_Everest.framework */ = {isa = PBXFileReference; explicitFileType = wrapper.framework; includeInIndex = 0; path = Pods_Everest.framework; sourceTree = BUILT_PRODUCTS_DIR; };
		96AB2C17FBBD33E88DD8EC9E /* Pods-Everest.release.xcconfig */ = {isa = PBXFileReference; includeInIndex = 1; lastKnownFileType = text.xcconfig; name = "Pods-Everest.release.xcconfig"; path = "Pods/Target Support Files/Pods-Everest/Pods-Everest.release.xcconfig"; sourceTree = "<group>"; };
		CE02ED651F96A114000B43C7 /* Everest.entitlements */ = {isa = PBXFileReference; lastKnownFileType = text.plist.entitlements; path = Everest.entitlements; sourceTree = "<group>"; };
		CE0908D91F982664004D1974 /* CategoryCollectionCell.swift */ = {isa = PBXFileReference; fileEncoding = 4; lastKnownFileType = sourcecode.swift; path = CategoryCollectionCell.swift; sourceTree = "<group>"; };
		CE0908DF1F986F73004D1974 /* ActsCell.swift */ = {isa = PBXFileReference; fileEncoding = 4; lastKnownFileType = sourcecode.swift; path = ActsCell.swift; sourceTree = "<group>"; };
		CE1335251F9C21DB000D54C4 /* Category.swift */ = {isa = PBXFileReference; fileEncoding = 4; lastKnownFileType = sourcecode.swift; path = Category.swift; sourceTree = "<group>"; };
		CE1335281F9C37AD000D54C4 /* UIImage+Resize.swift */ = {isa = PBXFileReference; fileEncoding = 4; lastKnownFileType = sourcecode.swift; path = "UIImage+Resize.swift"; sourceTree = "<group>"; };
		CE2F56071F92DE54004D2CF9 /* Action.swift */ = {isa = PBXFileReference; fileEncoding = 4; lastKnownFileType = sourcecode.swift; path = Action.swift; sourceTree = "<group>"; };
		D724D0631F947FF900D25A5A /* AddAction.storyboard */ = {isa = PBXFileReference; fileEncoding = 4; lastKnownFileType = file.storyboard; path = AddAction.storyboard; sourceTree = "<group>"; };
		D724D0641F947FF900D25A5A /* AddActionViewController.swift */ = {isa = PBXFileReference; fileEncoding = 4; lastKnownFileType = sourcecode.swift; path = AddActionViewController.swift; sourceTree = "<group>"; };
		D724D0661F947FF900D25A5A /* MomentDetailManager.swift */ = {isa = PBXFileReference; fileEncoding = 4; lastKnownFileType = sourcecode.swift; path = MomentDetailManager.swift; sourceTree = "<group>"; };
		D724D0671F947FF900D25A5A /* MomentsViewController.swift */ = {isa = PBXFileReference; fileEncoding = 4; lastKnownFileType = sourcecode.swift; path = MomentsViewController.swift; sourceTree = "<group>"; };
		D724D06C1F947FF900D25A5A /* Settings.storyboard */ = {isa = PBXFileReference; fileEncoding = 4; lastKnownFileType = file.storyboard; path = Settings.storyboard; sourceTree = "<group>"; };
		D724D06D1F947FF900D25A5A /* SettingsViewController.swift */ = {isa = PBXFileReference; fileEncoding = 4; lastKnownFileType = sourcecode.swift; path = SettingsViewController.swift; sourceTree = "<group>"; };
		D724D06F1F947FF900D25A5A /* TimeLineManager.swift */ = {isa = PBXFileReference; fileEncoding = 4; lastKnownFileType = sourcecode.swift; path = TimeLineManager.swift; sourceTree = "<group>"; };
		D724D0701F947FF900D25A5A /* TimelineViewController.swift */ = {isa = PBXFileReference; fileEncoding = 4; lastKnownFileType = sourcecode.swift; path = TimelineViewController.swift; sourceTree = "<group>"; };
		D724D0721F947FF900D25A5A /* UserProfile.storyboard */ = {isa = PBXFileReference; fileEncoding = 4; lastKnownFileType = file.storyboard; path = UserProfile.storyboard; sourceTree = "<group>"; };
		D724D0731F947FF900D25A5A /* UserProfileManager.swift */ = {isa = PBXFileReference; fileEncoding = 4; lastKnownFileType = sourcecode.swift; path = UserProfileManager.swift; sourceTree = "<group>"; };
		D724D0841F94804500D25A5A /* FireBaseManager.swift */ = {isa = PBXFileReference; fileEncoding = 4; lastKnownFileType = sourcecode.swift; path = FireBaseManager.swift; sourceTree = "<group>"; };
		D724D0851F94804500D25A5A /* ServiceManager.swift */ = {isa = PBXFileReference; fileEncoding = 4; lastKnownFileType = sourcecode.swift; path = ServiceManager.swift; sourceTree = "<group>"; };
		D724D0881F94806B00D25A5A /* ActionCell.swift */ = {isa = PBXFileReference; fileEncoding = 4; lastKnownFileType = sourcecode.swift; path = ActionCell.swift; sourceTree = "<group>"; };
		D724D0891F94806B00D25A5A /* ActionCell.xib */ = {isa = PBXFileReference; fileEncoding = 4; lastKnownFileType = file.xib; path = ActionCell.xib; sourceTree = "<group>"; };
		D724D08A1F94806B00D25A5A /* MomentCell.swift */ = {isa = PBXFileReference; fileEncoding = 4; lastKnownFileType = sourcecode.swift; path = MomentCell.swift; sourceTree = "<group>"; };
		D724D08B1F94806B00D25A5A /* MomentCell.xib */ = {isa = PBXFileReference; fileEncoding = 4; lastKnownFileType = file.xib; path = MomentCell.xib; sourceTree = "<group>"; };
		D797E6721F9AED7A0097B4CA /* CreateMomentViewController.swift */ = {isa = PBXFileReference; fileEncoding = 4; lastKnownFileType = sourcecode.swift; path = CreateMomentViewController.swift; sourceTree = "<group>"; };
		D7B9C3D61F99D7E500E84B60 /* MomentDetailCell.swift */ = {isa = PBXFileReference; fileEncoding = 4; lastKnownFileType = sourcecode.swift; path = MomentDetailCell.swift; sourceTree = "<group>"; };
/* End PBXFileReference section */

/* Begin PBXFrameworksBuildPhase section */
		06C2EA1B1F91D589003D0ADF /* Frameworks */ = {
			isa = PBXFrameworksBuildPhase;
			buildActionMask = 2147483647;
			files = (
				53BFE0BD07A643099FBD10B5 /* Pods_Everest.framework in Frameworks */,
			);
			runOnlyForDeploymentPostprocessing = 0;
		};
/* End PBXFrameworksBuildPhase section */

/* Begin PBXGroup section */
		010539B31F9C819200E2D413 /* Extensions */ = {
			isa = PBXGroup;
			children = (
				010539B61F9C838100E2D413 /* Dictionary+Extension.swift */,
				010539B81F9C83F300E2D413 /* Array+Extension.swift */,
			);
			path = Extensions;
			sourceTree = "<group>";
		};
		06A9316E1F95C60B00DFD1AA /* Login */ = {
			isa = PBXGroup;
			children = (
				01B2AA241F971F6F00138959 /* EmailLoginViewController.swift */,
				06A9316F1F95C60B00DFD1AA /* LoginViewController.swift */,
				01B2AA261F980B7C00138959 /* LoginManager.swift */,
				06A931731F95C64100DFD1AA /* Login.storyboard */,
				06A931701F95C60B00DFD1AA /* WelcomeViewController.swift */,
			);
			path = Login;
			sourceTree = "<group>";
		};
		06C2EA151F91D589003D0ADF = {
			isa = PBXGroup;
			children = (
				06C2EA201F91D589003D0ADF /* Everest */,
				06C2EA1F1F91D589003D0ADF /* Products */,
				715BD4E2B085D489B0E4D109 /* Pods */,
				F1F54D22BC47D5DD4FEE93F4 /* Frameworks */,
			);
			sourceTree = "<group>";
		};
		06C2EA1F1F91D589003D0ADF /* Products */ = {
			isa = PBXGroup;
			children = (
				06C2EA1E1F91D589003D0ADF /* Everest.app */,
			);
			name = Products;
			sourceTree = "<group>";
		};
		06C2EA201F91D589003D0ADF /* Everest */ = {
			isa = PBXGroup;
			children = (
				06C2EA331F91D6AB003D0ADF /* Controllers */,
				010539B31F9C819200E2D413 /* Extensions */,
				06C2EA351F91D6D5003D0ADF /* Models */,
				D724D0831F94804500D25A5A /* Network */,
				06C2EA371F91D6EA003D0ADF /* Views */,
				06C2EA211F91D589003D0ADF /* AppDelegate.swift */,
				06C2EA251F91D589003D0ADF /* Main.storyboard */,
				06C2EA281F91D589003D0ADF /* Assets.xcassets */,
				06C2EA2A1F91D589003D0ADF /* LaunchScreen.storyboard */,
				CE02ED651F96A114000B43C7 /* Everest.entitlements */,
				06C2EA581F946335003D0ADF /* GoogleService-Info.plist */,
				06C2EA2D1F91D589003D0ADF /* Info.plist */,
				010539B11F9BE8C700E2D413 /* MainManager.swift */,
			);
			path = Everest;
			sourceTree = "<group>";
		};
		06C2EA331F91D6AB003D0ADF /* Controllers */ = {
			isa = PBXGroup;
			children = (
				CE1335271F9C378E000D54C4 /* extensions */,
				D724D0601F947FF900D25A5A /* CreateMoment */,
				D724D0621F947FF900D25A5A /* AddAction */,
				06A9316E1F95C60B00DFD1AA /* Login */,
				D724D0651F947FF900D25A5A /* MomentDetail */,
				D724D06B1F947FF900D25A5A /* Settings */,
				D724D06E1F947FF900D25A5A /* TimeLine */,
				D724D0711F947FF900D25A5A /* UserProfile */,
				06C2EA461F91D81A003D0ADF /* InviteFriendsViewController.swift */,
				06C2EA4A1F91D861003D0ADF /* NotificationsViewController.swift */,
			);
			path = Controllers;
			sourceTree = "<group>";
		};
		06C2EA351F91D6D5003D0ADF /* Models */ = {
			isa = PBXGroup;
			children = (
				06C2EA4C1F91D881003D0ADF /* User.swift */,
				06C2EA4E1F91D8DF003D0ADF /* Moment.swift */,
				06C2EA501F91D8EF003D0ADF /* Act.swift */,
				CE2F56071F92DE54004D2CF9 /* Action.swift */,
				CE1335251F9C21DB000D54C4 /* Category.swift */,
			);
			path = Models;
			sourceTree = "<group>";
		};
		06C2EA371F91D6EA003D0ADF /* Views */ = {
			isa = PBXGroup;
			children = (
				D724D0881F94806B00D25A5A /* ActionCell.swift */,
				D724D0891F94806B00D25A5A /* ActionCell.xib */,
				D724D08A1F94806B00D25A5A /* MomentCell.swift */,
				D724D08B1F94806B00D25A5A /* MomentCell.xib */,
				06C2EA521F91D921003D0ADF /* UserProfileView.swift */,
				06C2EA541F91D936003D0ADF /* ActionView.swift */,
				06C2EA561F91D944003D0ADF /* MomentView.swift */,
				CE0908D91F982664004D1974 /* CategoryCollectionCell.swift */,
				CE0908DF1F986F73004D1974 /* ActsCell.swift */,
				D7B9C3D61F99D7E500E84B60 /* MomentDetailCell.swift */,
			);
			path = Views;
			sourceTree = "<group>";
		};
		715BD4E2B085D489B0E4D109 /* Pods */ = {
			isa = PBXGroup;
			children = (
				1A7D127026D048F03DEE5A44 /* Pods-Everest.debug.xcconfig */,
				96AB2C17FBBD33E88DD8EC9E /* Pods-Everest.release.xcconfig */,
			);
			name = Pods;
			sourceTree = "<group>";
		};
		CE1335271F9C378E000D54C4 /* extensions */ = {
			isa = PBXGroup;
			children = (
				CE1335281F9C37AD000D54C4 /* UIImage+Resize.swift */,
			);
			name = extensions;
			sourceTree = "<group>";
		};
		D724D0601F947FF900D25A5A /* CreateMoment */ = {
			isa = PBXGroup;
			children = (
				D797E6721F9AED7A0097B4CA /* CreateMomentViewController.swift */,
			);
			name = CreateMoment;
			path = ActionDetail;
			sourceTree = "<group>";
		};
		D724D0621F947FF900D25A5A /* AddAction */ = {
			isa = PBXGroup;
			children = (
				D724D0631F947FF900D25A5A /* AddAction.storyboard */,
				D724D0641F947FF900D25A5A /* AddActionViewController.swift */,
			);
			path = AddAction;
			sourceTree = "<group>";
		};
		D724D0651F947FF900D25A5A /* MomentDetail */ = {
			isa = PBXGroup;
			children = (
				D724D0661F947FF900D25A5A /* MomentDetailManager.swift */,
				D724D0671F947FF900D25A5A /* MomentsViewController.swift */,
			);
			path = MomentDetail;
			sourceTree = "<group>";
		};
		D724D06B1F947FF900D25A5A /* Settings */ = {
			isa = PBXGroup;
			children = (
				D724D06C1F947FF900D25A5A /* Settings.storyboard */,
				D724D06D1F947FF900D25A5A /* SettingsViewController.swift */,
			);
			path = Settings;
			sourceTree = "<group>";
		};
		D724D06E1F947FF900D25A5A /* TimeLine */ = {
			isa = PBXGroup;
			children = (
				D724D06F1F947FF900D25A5A /* TimeLineManager.swift */,
				D724D0701F947FF900D25A5A /* TimelineViewController.swift */,
			);
			path = TimeLine;
			sourceTree = "<group>";
		};
		D724D0711F947FF900D25A5A /* UserProfile */ = {
			isa = PBXGroup;
			children = (
				011C4B721F9AB1FD0070EDF3 /* UserProfileViewController.swift */,
				D724D0721F947FF900D25A5A /* UserProfile.storyboard */,
				D724D0731F947FF900D25A5A /* UserProfileManager.swift */,
			);
			path = UserProfile;
			sourceTree = "<group>";
		};
		D724D0831F94804500D25A5A /* Network */ = {
			isa = PBXGroup;
			children = (
				D724D0841F94804500D25A5A /* FireBaseManager.swift */,
				D724D0851F94804500D25A5A /* ServiceManager.swift */,
			);
			path = Network;
			sourceTree = "<group>";
		};
		F1F54D22BC47D5DD4FEE93F4 /* Frameworks */ = {
			isa = PBXGroup;
			children = (
				28F2AFBEA79BCE95B21EA7B7 /* Pods_Everest.framework */,
			);
			name = Frameworks;
			sourceTree = "<group>";
		};
/* End PBXGroup section */

/* Begin PBXNativeTarget section */
		06C2EA1D1F91D589003D0ADF /* Everest */ = {
			isa = PBXNativeTarget;
			buildConfigurationList = 06C2EA301F91D589003D0ADF /* Build configuration list for PBXNativeTarget "Everest" */;
			buildPhases = (
				05EE4B9EF89B76D127CAC7B9 /* [CP] Check Pods Manifest.lock */,
				06C2EA1A1F91D589003D0ADF /* Sources */,
				06C2EA1B1F91D589003D0ADF /* Frameworks */,
				06C2EA1C1F91D589003D0ADF /* Resources */,
				73FAC8FB38117DF623BCC14D /* [CP] Embed Pods Frameworks */,
				18B02BF8B41C4717C0AFF576 /* [CP] Copy Pods Resources */,
			);
			buildRules = (
			);
			dependencies = (
			);
			name = Everest;
			productName = Everest;
			productReference = 06C2EA1E1F91D589003D0ADF /* Everest.app */;
			productType = "com.apple.product-type.application";
		};
/* End PBXNativeTarget section */

/* Begin PBXProject section */
		06C2EA161F91D589003D0ADF /* Project object */ = {
			isa = PBXProject;
			attributes = {
				LastSwiftUpdateCheck = 0800;
				LastUpgradeCheck = 0800;
				ORGANIZATIONNAME = "Kavita Gaitonde";
				TargetAttributes = {
					06C2EA1D1F91D589003D0ADF = {
						CreatedOnToolsVersion = 8.0;
						DevelopmentTeam = EGLENF5Q49;
						ProvisioningStyle = Automatic;
						SystemCapabilities = {
							com.apple.Push = {
								enabled = 1;
							};
						};
					};
				};
			};
			buildConfigurationList = 06C2EA191F91D589003D0ADF /* Build configuration list for PBXProject "Everest" */;
			compatibilityVersion = "Xcode 3.2";
			developmentRegion = English;
			hasScannedForEncodings = 0;
			knownRegions = (
				en,
				Base,
			);
			mainGroup = 06C2EA151F91D589003D0ADF;
			productRefGroup = 06C2EA1F1F91D589003D0ADF /* Products */;
			projectDirPath = "";
			projectRoot = "";
			targets = (
				06C2EA1D1F91D589003D0ADF /* Everest */,
			);
		};
/* End PBXProject section */

/* Begin PBXResourcesBuildPhase section */
		06C2EA1C1F91D589003D0ADF /* Resources */ = {
			isa = PBXResourcesBuildPhase;
			buildActionMask = 2147483647;
			files = (
				D724D0801F947FF900D25A5A /* UserProfile.storyboard in Resources */,
				06C2EA2C1F91D589003D0ADF /* LaunchScreen.storyboard in Resources */,
				06C2EA591F946335003D0ADF /* GoogleService-Info.plist in Resources */,
				06C2EA291F91D589003D0ADF /* Assets.xcassets in Resources */,
				D724D07C1F947FF900D25A5A /* Settings.storyboard in Resources */,
				D724D08F1F94806B00D25A5A /* MomentCell.xib in Resources */,
				D724D08D1F94806B00D25A5A /* ActionCell.xib in Resources */,
				D724D0761F947FF900D25A5A /* AddAction.storyboard in Resources */,
				06A931741F95C64100DFD1AA /* Login.storyboard in Resources */,
				06C2EA271F91D589003D0ADF /* Main.storyboard in Resources */,
			);
			runOnlyForDeploymentPostprocessing = 0;
		};
/* End PBXResourcesBuildPhase section */

/* Begin PBXShellScriptBuildPhase section */
		05EE4B9EF89B76D127CAC7B9 /* [CP] Check Pods Manifest.lock */ = {
			isa = PBXShellScriptBuildPhase;
			buildActionMask = 2147483647;
			files = (
			);
			inputPaths = (
				"${PODS_PODFILE_DIR_PATH}/Podfile.lock",
				"${PODS_ROOT}/Manifest.lock",
			);
			name = "[CP] Check Pods Manifest.lock";
			outputPaths = (
				"$(DERIVED_FILE_DIR)/Pods-Everest-checkManifestLockResult.txt",
			);
			runOnlyForDeploymentPostprocessing = 0;
			shellPath = /bin/sh;
			shellScript = "diff \"${PODS_PODFILE_DIR_PATH}/Podfile.lock\" \"${PODS_ROOT}/Manifest.lock\" > /dev/null\nif [ $? != 0 ] ; then\n    # print error to STDERR\n    echo \"error: The sandbox is not in sync with the Podfile.lock. Run 'pod install' or update your CocoaPods installation.\" >&2\n    exit 1\nfi\n# This output is used by Xcode 'outputs' to avoid re-running this script phase.\necho \"SUCCESS\" > \"${SCRIPT_OUTPUT_FILE_0}\"\n";
			showEnvVarsInLog = 0;
		};
		18B02BF8B41C4717C0AFF576 /* [CP] Copy Pods Resources */ = {
			isa = PBXShellScriptBuildPhase;
			buildActionMask = 2147483647;
			files = (
			);
			inputPaths = (
				"${SRCROOT}/Pods/Target Support Files/Pods-Everest/Pods-Everest-resources.sh",
				"${PODS_ROOT}/GoogleSignIn/Resources/GoogleSignIn.bundle",
			);
			name = "[CP] Copy Pods Resources";
			outputPaths = (
				"${TARGET_BUILD_DIR}/${UNLOCALIZED_RESOURCES_FOLDER_PATH}",
			);
			runOnlyForDeploymentPostprocessing = 0;
			shellPath = /bin/sh;
			shellScript = "\"${SRCROOT}/Pods/Target Support Files/Pods-Everest/Pods-Everest-resources.sh\"\n";
			showEnvVarsInLog = 0;
		};
		73FAC8FB38117DF623BCC14D /* [CP] Embed Pods Frameworks */ = {
			isa = PBXShellScriptBuildPhase;
			buildActionMask = 2147483647;
			files = (
			);
			inputPaths = (
				"${SRCROOT}/Pods/Target Support Files/Pods-Everest/Pods-Everest-frameworks.sh",
				"${BUILT_PRODUCTS_DIR}/AFNetworking/AFNetworking.framework",
				"${BUILT_PRODUCTS_DIR}/Bolts/Bolts.framework",
				"${BUILT_PRODUCTS_DIR}/FBSDKCoreKit/FBSDKCoreKit.framework",
				"${BUILT_PRODUCTS_DIR}/FBSDKLoginKit/FBSDKLoginKit.framework",
				"${BUILT_PRODUCTS_DIR}/FBSDKShareKit/FBSDKShareKit.framework",
				"${BUILT_PRODUCTS_DIR}/FacebookCore/FacebookCore.framework",
				"${BUILT_PRODUCTS_DIR}/FacebookLogin/FacebookLogin.framework",
				"${BUILT_PRODUCTS_DIR}/FacebookShare/FacebookShare.framework",
				"${BUILT_PRODUCTS_DIR}/GTMOAuth2/GTMOAuth2.framework",
				"${BUILT_PRODUCTS_DIR}/GTMSessionFetcher/GTMSessionFetcher.framework",
				"${BUILT_PRODUCTS_DIR}/GoogleToolboxForMac/GoogleToolboxForMac.framework",
				"${BUILT_PRODUCTS_DIR}/LNICoverFlowLayout/LNICoverFlowLayout.framework",
				"${BUILT_PRODUCTS_DIR}/MBProgressHUD/MBProgressHUD.framework",
				"${BUILT_PRODUCTS_DIR}/Protobuf/Protobuf.framework",
				"${BUILT_PRODUCTS_DIR}/SwiftyJSON/SwiftyJSON.framework",
				"${BUILT_PRODUCTS_DIR}/TTTAttributedLabel/TTTAttributedLabel.framework",
				"${BUILT_PRODUCTS_DIR}/leveldb-library/leveldb.framework",
				"${BUILT_PRODUCTS_DIR}/nanopb/nanopb.framework",
			);
			name = "[CP] Embed Pods Frameworks";
			outputPaths = (
				"${TARGET_BUILD_DIR}/${FRAMEWORKS_FOLDER_PATH}/AFNetworking.framework",
				"${TARGET_BUILD_DIR}/${FRAMEWORKS_FOLDER_PATH}/Bolts.framework",
				"${TARGET_BUILD_DIR}/${FRAMEWORKS_FOLDER_PATH}/FBSDKCoreKit.framework",
				"${TARGET_BUILD_DIR}/${FRAMEWORKS_FOLDER_PATH}/FBSDKLoginKit.framework",
				"${TARGET_BUILD_DIR}/${FRAMEWORKS_FOLDER_PATH}/FBSDKShareKit.framework",
				"${TARGET_BUILD_DIR}/${FRAMEWORKS_FOLDER_PATH}/FacebookCore.framework",
				"${TARGET_BUILD_DIR}/${FRAMEWORKS_FOLDER_PATH}/FacebookLogin.framework",
				"${TARGET_BUILD_DIR}/${FRAMEWORKS_FOLDER_PATH}/FacebookShare.framework",
				"${TARGET_BUILD_DIR}/${FRAMEWORKS_FOLDER_PATH}/GTMOAuth2.framework",
				"${TARGET_BUILD_DIR}/${FRAMEWORKS_FOLDER_PATH}/GTMSessionFetcher.framework",
				"${TARGET_BUILD_DIR}/${FRAMEWORKS_FOLDER_PATH}/GoogleToolboxForMac.framework",
				"${TARGET_BUILD_DIR}/${FRAMEWORKS_FOLDER_PATH}/LNICoverFlowLayout.framework",
				"${TARGET_BUILD_DIR}/${FRAMEWORKS_FOLDER_PATH}/MBProgressHUD.framework",
				"${TARGET_BUILD_DIR}/${FRAMEWORKS_FOLDER_PATH}/Protobuf.framework",
				"${TARGET_BUILD_DIR}/${FRAMEWORKS_FOLDER_PATH}/SwiftyJSON.framework",
				"${TARGET_BUILD_DIR}/${FRAMEWORKS_FOLDER_PATH}/TTTAttributedLabel.framework",
				"${TARGET_BUILD_DIR}/${FRAMEWORKS_FOLDER_PATH}/leveldb.framework",
				"${TARGET_BUILD_DIR}/${FRAMEWORKS_FOLDER_PATH}/nanopb.framework",
			);
			runOnlyForDeploymentPostprocessing = 0;
			shellPath = /bin/sh;
			shellScript = "\"${SRCROOT}/Pods/Target Support Files/Pods-Everest/Pods-Everest-frameworks.sh\"\n";
			showEnvVarsInLog = 0;
		};
/* End PBXShellScriptBuildPhase section */

/* Begin PBXSourcesBuildPhase section */
		06C2EA1A1F91D589003D0ADF /* Sources */ = {
			isa = PBXSourcesBuildPhase;
			buildActionMask = 2147483647;
			files = (
				06A931721F95C60B00DFD1AA /* WelcomeViewController.swift in Sources */,
				011C4B731F9AB1FD0070EDF3 /* UserProfileViewController.swift in Sources */,
				CE2F56081F92DE54004D2CF9 /* Action.swift in Sources */,
				CE1335261F9C21DB000D54C4 /* Category.swift in Sources */,
				D724D0861F94804500D25A5A /* FireBaseManager.swift in Sources */,
				D724D0871F94804500D25A5A /* ServiceManager.swift in Sources */,
				06C2EA571F91D944003D0ADF /* MomentView.swift in Sources */,
				010539B71F9C838100E2D413 /* Dictionary+Extension.swift in Sources */,
				D797E6731F9AED7A0097B4CA /* CreateMomentViewController.swift in Sources */,
				D724D07D1F947FF900D25A5A /* SettingsViewController.swift in Sources */,
				D7B9C3D71F99D7E500E84B60 /* MomentDetailCell.swift in Sources */,
				010539B91F9C83F300E2D413 /* Array+Extension.swift in Sources */,
				D724D07E1F947FF900D25A5A /* TimeLineManager.swift in Sources */,
				01B2AA271F980B7C00138959 /* LoginManager.swift in Sources */,
				D724D08E1F94806B00D25A5A /* MomentCell.swift in Sources */,
				D724D08C1F94806B00D25A5A /* ActionCell.swift in Sources */,
				06C2EA551F91D936003D0ADF /* ActionView.swift in Sources */,
				D724D0781F947FF900D25A5A /* MomentDetailManager.swift in Sources */,
				06C2EA471F91D81A003D0ADF /* InviteFriendsViewController.swift in Sources */,
				D724D07F1F947FF900D25A5A /* TimelineViewController.swift in Sources */,
				D724D0791F947FF900D25A5A /* MomentsViewController.swift in Sources */,
				010539B21F9BE8C700E2D413 /* MainManager.swift in Sources */,
				CE0908DA1F982664004D1974 /* CategoryCollectionCell.swift in Sources */,
				06C2EA511F91D8EF003D0ADF /* Act.swift in Sources */,
				06C2EA4D1F91D881003D0ADF /* User.swift in Sources */,
				D724D0811F947FF900D25A5A /* UserProfileManager.swift in Sources */,
				06C2EA531F91D921003D0ADF /* UserProfileView.swift in Sources */,
				D724D0771F947FF900D25A5A /* AddActionViewController.swift in Sources */,
				CE1335291F9C37AD000D54C4 /* UIImage+Resize.swift in Sources */,
				06C2EA4B1F91D861003D0ADF /* NotificationsViewController.swift in Sources */,
				06C2EA221F91D589003D0ADF /* AppDelegate.swift in Sources */,
				CE0908E01F986F74004D1974 /* ActsCell.swift in Sources */,
				06A931711F95C60B00DFD1AA /* LoginViewController.swift in Sources */,
				01B2AA251F971F6F00138959 /* EmailLoginViewController.swift in Sources */,
				06C2EA4F1F91D8DF003D0ADF /* Moment.swift in Sources */,
			);
			runOnlyForDeploymentPostprocessing = 0;
		};
/* End PBXSourcesBuildPhase section */

/* Begin PBXVariantGroup section */
		06C2EA251F91D589003D0ADF /* Main.storyboard */ = {
			isa = PBXVariantGroup;
			children = (
				06C2EA261F91D589003D0ADF /* Base */,
			);
			name = Main.storyboard;
			sourceTree = "<group>";
		};
		06C2EA2A1F91D589003D0ADF /* LaunchScreen.storyboard */ = {
			isa = PBXVariantGroup;
			children = (
				06C2EA2B1F91D589003D0ADF /* Base */,
			);
			name = LaunchScreen.storyboard;
			sourceTree = "<group>";
		};
/* End PBXVariantGroup section */

/* Begin XCBuildConfiguration section */
		06C2EA2E1F91D589003D0ADF /* Debug */ = {
			isa = XCBuildConfiguration;
			buildSettings = {
				ALWAYS_SEARCH_USER_PATHS = NO;
				CLANG_ANALYZER_NONNULL = YES;
				CLANG_CXX_LANGUAGE_STANDARD = "gnu++0x";
				CLANG_CXX_LIBRARY = "libc++";
				CLANG_ENABLE_MODULES = YES;
				CLANG_ENABLE_OBJC_ARC = YES;
				CLANG_WARN_BOOL_CONVERSION = YES;
				CLANG_WARN_CONSTANT_CONVERSION = YES;
				CLANG_WARN_DIRECT_OBJC_ISA_USAGE = YES_ERROR;
				CLANG_WARN_DOCUMENTATION_COMMENTS = YES;
				CLANG_WARN_EMPTY_BODY = YES;
				CLANG_WARN_ENUM_CONVERSION = YES;
				CLANG_WARN_INFINITE_RECURSION = YES;
				CLANG_WARN_INT_CONVERSION = YES;
				CLANG_WARN_OBJC_ROOT_CLASS = YES_ERROR;
				CLANG_WARN_SUSPICIOUS_MOVES = YES;
				CLANG_WARN_UNREACHABLE_CODE = YES;
				CLANG_WARN__DUPLICATE_METHOD_MATCH = YES;
				"CODE_SIGN_IDENTITY[sdk=iphoneos*]" = "iPhone Developer";
				COPY_PHASE_STRIP = NO;
				DEBUG_INFORMATION_FORMAT = dwarf;
				ENABLE_STRICT_OBJC_MSGSEND = YES;
				ENABLE_TESTABILITY = YES;
				GCC_C_LANGUAGE_STANDARD = gnu99;
				GCC_DYNAMIC_NO_PIC = NO;
				GCC_NO_COMMON_BLOCKS = YES;
				GCC_OPTIMIZATION_LEVEL = 0;
				GCC_PREPROCESSOR_DEFINITIONS = (
					"DEBUG=1",
					"$(inherited)",
				);
				GCC_WARN_64_TO_32_BIT_CONVERSION = YES;
				GCC_WARN_ABOUT_RETURN_TYPE = YES_ERROR;
				GCC_WARN_UNDECLARED_SELECTOR = YES;
				GCC_WARN_UNINITIALIZED_AUTOS = YES_AGGRESSIVE;
				GCC_WARN_UNUSED_FUNCTION = YES;
				GCC_WARN_UNUSED_VARIABLE = YES;
				IPHONEOS_DEPLOYMENT_TARGET = 10.0;
				MTL_ENABLE_DEBUG_INFO = YES;
				ONLY_ACTIVE_ARCH = YES;
				SDKROOT = iphoneos;
				SWIFT_ACTIVE_COMPILATION_CONDITIONS = DEBUG;
				SWIFT_OPTIMIZATION_LEVEL = "-Onone";
			};
			name = Debug;
		};
		06C2EA2F1F91D589003D0ADF /* Release */ = {
			isa = XCBuildConfiguration;
			buildSettings = {
				ALWAYS_SEARCH_USER_PATHS = NO;
				CLANG_ANALYZER_NONNULL = YES;
				CLANG_CXX_LANGUAGE_STANDARD = "gnu++0x";
				CLANG_CXX_LIBRARY = "libc++";
				CLANG_ENABLE_MODULES = YES;
				CLANG_ENABLE_OBJC_ARC = YES;
				CLANG_WARN_BOOL_CONVERSION = YES;
				CLANG_WARN_CONSTANT_CONVERSION = YES;
				CLANG_WARN_DIRECT_OBJC_ISA_USAGE = YES_ERROR;
				CLANG_WARN_DOCUMENTATION_COMMENTS = YES;
				CLANG_WARN_EMPTY_BODY = YES;
				CLANG_WARN_ENUM_CONVERSION = YES;
				CLANG_WARN_INFINITE_RECURSION = YES;
				CLANG_WARN_INT_CONVERSION = YES;
				CLANG_WARN_OBJC_ROOT_CLASS = YES_ERROR;
				CLANG_WARN_SUSPICIOUS_MOVES = YES;
				CLANG_WARN_UNREACHABLE_CODE = YES;
				CLANG_WARN__DUPLICATE_METHOD_MATCH = YES;
				"CODE_SIGN_IDENTITY[sdk=iphoneos*]" = "iPhone Developer";
				COPY_PHASE_STRIP = NO;
				DEBUG_INFORMATION_FORMAT = "dwarf-with-dsym";
				ENABLE_NS_ASSERTIONS = NO;
				ENABLE_STRICT_OBJC_MSGSEND = YES;
				GCC_C_LANGUAGE_STANDARD = gnu99;
				GCC_NO_COMMON_BLOCKS = YES;
				GCC_WARN_64_TO_32_BIT_CONVERSION = YES;
				GCC_WARN_ABOUT_RETURN_TYPE = YES_ERROR;
				GCC_WARN_UNDECLARED_SELECTOR = YES;
				GCC_WARN_UNINITIALIZED_AUTOS = YES_AGGRESSIVE;
				GCC_WARN_UNUSED_FUNCTION = YES;
				GCC_WARN_UNUSED_VARIABLE = YES;
				IPHONEOS_DEPLOYMENT_TARGET = 10.0;
				MTL_ENABLE_DEBUG_INFO = NO;
				SDKROOT = iphoneos;
				SWIFT_OPTIMIZATION_LEVEL = "-Owholemodule";
				VALIDATE_PRODUCT = YES;
			};
			name = Release;
		};
		06C2EA311F91D589003D0ADF /* Debug */ = {
			isa = XCBuildConfiguration;
			baseConfigurationReference = 1A7D127026D048F03DEE5A44 /* Pods-Everest.debug.xcconfig */;
			buildSettings = {
				ASSETCATALOG_COMPILER_APPICON_NAME = AppIcon;
				CODE_SIGN_ENTITLEMENTS = Everest/Everest.entitlements;
				DEVELOPMENT_TEAM = EGLENF5Q49;
				INFOPLIST_FILE = Everest/Info.plist;
				LD_RUNPATH_SEARCH_PATHS = "$(inherited) @executable_path/Frameworks";
				PRODUCT_BUNDLE_IDENTIFIER = "com.kak-ios-codepath.Everest";
				PRODUCT_NAME = "$(TARGET_NAME)";
				SWIFT_VERSION = 3.0;
			};
			name = Debug;
		};
		06C2EA321F91D589003D0ADF /* Release */ = {
			isa = XCBuildConfiguration;
			baseConfigurationReference = 96AB2C17FBBD33E88DD8EC9E /* Pods-Everest.release.xcconfig */;
			buildSettings = {
				ASSETCATALOG_COMPILER_APPICON_NAME = AppIcon;
				CODE_SIGN_ENTITLEMENTS = Everest/Everest.entitlements;
				DEVELOPMENT_TEAM = EGLENF5Q49;
				INFOPLIST_FILE = Everest/Info.plist;
				LD_RUNPATH_SEARCH_PATHS = "$(inherited) @executable_path/Frameworks";
				PRODUCT_BUNDLE_IDENTIFIER = "com.kak-ios-codepath.Everest";
				PRODUCT_NAME = "$(TARGET_NAME)";
				SWIFT_VERSION = 3.0;
			};
			name = Release;
		};
/* End XCBuildConfiguration section */

/* Begin XCConfigurationList section */
		06C2EA191F91D589003D0ADF /* Build configuration list for PBXProject "Everest" */ = {
			isa = XCConfigurationList;
			buildConfigurations = (
				06C2EA2E1F91D589003D0ADF /* Debug */,
				06C2EA2F1F91D589003D0ADF /* Release */,
			);
			defaultConfigurationIsVisible = 0;
			defaultConfigurationName = Release;
		};
		06C2EA301F91D589003D0ADF /* Build configuration list for PBXNativeTarget "Everest" */ = {
			isa = XCConfigurationList;
			buildConfigurations = (
				06C2EA311F91D589003D0ADF /* Debug */,
				06C2EA321F91D589003D0ADF /* Release */,
			);
			defaultConfigurationIsVisible = 0;
			defaultConfigurationName = Release;
		};
/* End XCConfigurationList section */
	};
	rootObject = 06C2EA161F91D589003D0ADF /* Project object */;
}
